
Microsoft Visual Studio Solution File, Format Version 12.00
# Visual Studio Version 17
VisualStudioVersion = 17.10.35027.167
MinimumVisualStudioVersion = 10.0.40219.1
Project("{FAE04EC0-301F-11D3-BF4B-00C04F79EFBC}") = "ECommerce.WebApi", "ECommerce.WebApi\ECommerce.WebApi.csproj", "{90AEEB8A-5833-4D2C-83D1-DA1C89D6EBFB}"
EndProject
Global
	GlobalSection(SolutionConfigurationPlatforms) = preSolution
		Debug|Any CPU = Debug|Any CPU
		Release|Any CPU = Release|Any CPU
	EndGlobalSection
	GlobalSection(ProjectConfigurationPlatforms) = postSolution
		{90AEEB8A-5833-4D2C-83D1-DA1C89D6EBFB}.Debug|Any CPU.ActiveCfg = Debug|Any CPU
		{90AEEB8A-5833-4D2C-83D1-DA1C89D6EBFB}.Debug|Any CPU.Build.0 = Debug|Any CPU
		{90AEEB8A-5833-4D2C-83D1-DA1C89D6EBFB}.Release|Any CPU.ActiveCfg = Release|Any CPU
		{90AEEB8A-5833-4D2C-83D1-DA1C89D6EBFB}.Release|Any CPU.Build.0 = Release|Any CPU
	EndGlobalSection
	GlobalSection(SolutionProperties) = preSolution
		HideSolutionNode = FALSE
	EndGlobalSection
	GlobalSection(ExtensibilityGlobals) = postSolution
		SolutionGuid = {F8E233D5-5425-4E84-B41F-0946CA00619B}
	EndGlobalSection
EndGlobal
